
Microsoft Visual Studio Solution File, Format Version 12.00
# Visual Studio Version 16
VisualStudioVersion = 16.0.29411.108
MinimumVisualStudioVersion = 10.0.40219.1
Project("{9A19103F-16F7-4668-BE54-9A1E7A4F7556}") = "BibleVerse", "BibleVerse\BibleVerse.csproj", "{7538F17C-6E64-493B-BFFD-4F11015037CE}"
EndProject
Project("{9A19103F-16F7-4668-BE54-9A1E7A4F7556}") = "BibleVerseAPI", "BibleVerseAPI\BibleVerseAPI.csproj", "{7DBB795D-553A-4D65-AEBA-D681FB52493B}"
EndProject
Project("{9A19103F-16F7-4668-BE54-9A1E7A4F7556}") = "BibleVerse.BL", "BibleVerse.BL\BibleVerse.BL.csproj", "{B2F1F0CF-D084-41CE-B73C-184E37C7DFB9}"
EndProject
Project("{9A19103F-16F7-4668-BE54-9A1E7A4F7556}") = "BibleVerse.DAL", "BibleVerse.DAL\BibleVerse.DAL.csproj", "{AC5800D5-BA01-4F2A-B044-921DEC0A692A}"
EndProject
Project("{FAE04EC0-301F-11D3-BF4B-00C04F79EFBC}") = "BibleVerse.DTO", "BibleVerse.DTO\BibleVerse.DTO.csproj", "{F89E3BFD-C352-4126-8901-34F416922C7A}"
EndProject
Global
	GlobalSection(SolutionConfigurationPlatforms) = preSolution
		Debug|Any CPU = Debug|Any CPU
		Release|Any CPU = Release|Any CPU
	EndGlobalSection
	GlobalSection(ProjectConfigurationPlatforms) = postSolution
		{7538F17C-6E64-493B-BFFD-4F11015037CE}.Debug|Any CPU.ActiveCfg = Debug|Any CPU
		{7538F17C-6E64-493B-BFFD-4F11015037CE}.Debug|Any CPU.Build.0 = Debug|Any CPU
		{7538F17C-6E64-493B-BFFD-4F11015037CE}.Release|Any CPU.ActiveCfg = Release|Any CPU
		{7538F17C-6E64-493B-BFFD-4F11015037CE}.Release|Any CPU.Build.0 = Release|Any CPU
		{7DBB795D-553A-4D65-AEBA-D681FB52493B}.Debug|Any CPU.ActiveCfg = Debug|Any CPU
		{7DBB795D-553A-4D65-AEBA-D681FB52493B}.Debug|Any CPU.Build.0 = Debug|Any CPU
		{7DBB795D-553A-4D65-AEBA-D681FB52493B}.Release|Any CPU.ActiveCfg = Release|Any CPU
		{7DBB795D-553A-4D65-AEBA-D681FB52493B}.Release|Any CPU.Build.0 = Release|Any CPU
		{B2F1F0CF-D084-41CE-B73C-184E37C7DFB9}.Debug|Any CPU.ActiveCfg = Debug|Any CPU
		{B2F1F0CF-D084-41CE-B73C-184E37C7DFB9}.Debug|Any CPU.Build.0 = Debug|Any CPU
		{B2F1F0CF-D084-41CE-B73C-184E37C7DFB9}.Release|Any CPU.ActiveCfg = Release|Any CPU
		{B2F1F0CF-D084-41CE-B73C-184E37C7DFB9}.Release|Any CPU.Build.0 = Release|Any CPU
		{AC5800D5-BA01-4F2A-B044-921DEC0A692A}.Debug|Any CPU.ActiveCfg = Debug|Any CPU
		{AC5800D5-BA01-4F2A-B044-921DEC0A692A}.Debug|Any CPU.Build.0 = Debug|Any CPU
		{AC5800D5-BA01-4F2A-B044-921DEC0A692A}.Release|Any CPU.ActiveCfg = Release|Any CPU
		{AC5800D5-BA01-4F2A-B044-921DEC0A692A}.Release|Any CPU.Build.0 = Release|Any CPU
		{F89E3BFD-C352-4126-8901-34F416922C7A}.Debug|Any CPU.ActiveCfg = Debug|Any CPU
		{F89E3BFD-C352-4126-8901-34F416922C7A}.Debug|Any CPU.Build.0 = Debug|Any CPU
		{F89E3BFD-C352-4126-8901-34F416922C7A}.Release|Any CPU.ActiveCfg = Release|Any CPU
		{F89E3BFD-C352-4126-8901-34F416922C7A}.Release|Any CPU.Build.0 = Release|Any CPU
	EndGlobalSection
	GlobalSection(SolutionProperties) = preSolution
		HideSolutionNode = FALSE
	EndGlobalSection
	GlobalSection(ExtensibilityGlobals) = postSolution
		SolutionGuid = {B6907FD0-F46D-418D-BCFA-D912F02DBF3F}
	EndGlobalSection
EndGlobal
